
Microsoft Visual Studio Solution File, Format Version 12.00
# Visual Studio Version 17
VisualStudioVersion = 17.7.34024.191
MinimumVisualStudioVersion = 10.0.40219.1
Project("{FAE04EC0-301F-11D3-BF4B-00C04F79EFBC}") = "stringLibr", "stringLibr\stringLibr.csproj", "{BC4EDB7E-9142-4C79-8995-9D4006C14B85}"
EndProject
Global
	GlobalSection(SolutionConfigurationPlatforms) = preSolution
		Debug|Any CPU = Debug|Any CPU
		Release|Any CPU = Release|Any CPU
	EndGlobalSection
	GlobalSection(ProjectConfigurationPlatforms) = postSolution
		{BC4EDB7E-9142-4C79-8995-9D4006C14B85}.Debug|Any CPU.ActiveCfg = Debug|Any CPU
		{BC4EDB7E-9142-4C79-8995-9D4006C14B85}.Debug|Any CPU.Build.0 = Debug|Any CPU
		{BC4EDB7E-9142-4C79-8995-9D4006C14B85}.Release|Any CPU.ActiveCfg = Release|Any CPU
		{BC4EDB7E-9142-4C79-8995-9D4006C14B85}.Release|Any CPU.Build.0 = Release|Any CPU
	EndGlobalSection
	GlobalSection(SolutionProperties) = preSolution
		HideSolutionNode = FALSE
	EndGlobalSection
	GlobalSection(ExtensibilityGlobals) = postSolution
		SolutionGuid = {18A1C8E4-CAE6-49B0-BFCD-40273AE047A3}
	EndGlobalSection
EndGlobal
